<?xml version="1.0" encoding="utf-8"?>
<Project ToolsVersion="4.0" xmlns="http://schemas.microsoft.com/developer/msbuild/2003">
  <ItemGroup>
    <Filter Include="Source Files">
      <UniqueIdentifier>{4FC737F1-C7A5-4376-A066-2A32D752A2FF}</UniqueIdentifier>
      <Extensions>cpp;c;cc;cxx;c++;cppm;ixx;def;odl;idl;hpj;bat;asm;asmx</Extensions>
    </Filter>
    <Filter Include="Header Files">
      <UniqueIdentifier>{93995380-89BD-4b04-88EB-625FBE52EBFB}</UniqueIdentifier>
      <Extensions>h;hh;hpp;hxx;h++;hm;inl;inc;ipp;xsd</Extensions>
    </Filter>
    <Filter Include="Resource Files">
      <UniqueIdentifier>{67DA6AB6-F800-4c08-8B7A-83BB121AAD01}</UniqueIdentifier>
      <Extensions>rc;ico;cur;bmp;dlg;rc2;rct;bin;rgs;gif;jpg;jpeg;jpe;resx;tiff;tif;png;wav;mfcribbon-ms</Extensions>
    </Filter>
    <Filter Include="Header Files\entities">
      <UniqueIdentifier>{86a7d0c7-c88d-4d09-a01b-f9d114bc2a87}</UniqueIdentifier>
    </Filter>
    <Filter Include="Header Files\states">
      <UniqueIdentifier>{0dbd35ae-4eca-4a96-967e-ea808f605489}</UniqueIdentifier>
    </Filter>
    <Filter Include="Source Files\states">
      <UniqueIdentifier>{0d381a25-6f28-490b-8252-41dfb830681e}</UniqueIdentifier>
    </Filter>
    <Filter Include="Source Files\entities">
      <UniqueIdentifier>{2d859f5d-78fa-4aae-8c89-62e0d4f482a8}</UniqueIdentifier>
    </Filter>
  </ItemGroup>
  <ItemGroup>
    <ClCompile Include="ConsoleApplication1.cpp">
      <Filter>Source Files</Filter>
    </ClCompile>
    <ClCompile Include="textureLoader.cpp">
      <Filter>Source Files</Filter>
    </ClCompile>
    <ClCompile Include="image.cpp">
      <Filter>Source Files</Filter>
    </ClCompile>
    <ClCompile Include="gameM.cpp">
      <Filter>Source Files\states</Filter>
    </ClCompile>
    <ClCompile Include="mainCombat.cpp">
      <Filter>Source Files\states</Filter>
    </ClCompile>
    <ClCompile Include="mainMenu.cpp">
      <Filter>Source Files\states</Filter>
    </ClCompile>
    <ClCompile Include="charSelect.cpp">
      <Filter>Source Files\states</Filter>
    </ClCompile>
    <ClCompile Include="entity.cpp">
      <Filter>Source Files\entities</Filter>
    </ClCompile>
    <ClCompile Include="level1.cpp">
      <Filter>Source Files\states</Filter>
    </ClCompile>
    <ClCompile Include="level2.cpp">
      <Filter>Source Files\states</Filter>
    </ClCompile>
    <ClCompile Include="allyLoader.cpp">
      <Filter>Source Files</Filter>
    </ClCompile>
    <ClCompile Include="writer.cpp">
      <Filter>Source Files</Filter>
    </ClCompile>
  </ItemGroup>
  <ItemGroup>
    <ClInclude Include="constants.h">
      <Filter>Header Files</Filter>
    </ClInclude>
    <ClInclude Include="textureLoader.h">
      <Filter>Header Files</Filter>
    </ClInclude>
    <ClInclude Include="image.h">
      <Filter>Header Files</Filter>
    </ClInclude>
    <ClInclude Include="entity.h">
      <Filter>Header Files\entities</Filter>
    </ClInclude>
    <ClInclude Include="entityData.h">
      <Filter>Header Files\entities</Filter>
    </ClInclude>
    <ClInclude Include="entityImage.h">
      <Filter>Header Files\entities</Filter>
    </ClInclude>
    <ClInclude Include="gameM.h">
      <Filter>Header Files\states</Filter>
    </ClInclude>
    <ClInclude Include="mainMenu.h">
      <Filter>Header Files\states</Filter>
    </ClInclude>
    <ClInclude Include="mainCombat.h">
      <Filter>Header Files\states</Filter>
    </ClInclude>
    <ClInclude Include="charSelect.h">
      <Filter>Header Files\states</Filter>
    </ClInclude>
    <ClInclude Include="level1.h">
      <Filter>Header Files\states</Filter>
    </ClInclude>
    <ClInclude Include="level2.h">
      <Filter>Header Files\states</Filter>
    </ClInclude>
    <ClInclude Include="allyLoader.h">
      <Filter>Header Files</Filter>
    </ClInclude>
    <ClInclude Include="writer.h">
      <Filter>Header Files</Filter>
    </ClInclude>
  </ItemGroup>
</Project>